
Microsoft Visual Studio Solution File, Format Version 12.00
# Visual Studio Version 16
VisualStudioVersion = 16.0.30717.126
MinimumVisualStudioVersion = 10.0.40219.1
Project("{9A19103F-16F7-4668-BE54-9A1E7A4F7556}") = "3.1ng9Template", "3.1ng9Template.csproj", "{1AA0D97F-D615-4519-AB2C-8FB5A47A071D}"
EndProject
Project("{FAE04EC0-301F-11D3-BF4B-00C04F79EFBC}") = "models", "..\models\models.csproj", "{1A353BDC-7A05-4C23-B7EA-0DF40569850C}"
EndProject
Project("{FAE04EC0-301F-11D3-BF4B-00C04F79EFBC}") = "repositery", "..\repositery\repositery.csproj", "{7DC4EBC7-578F-43D0-BF22-95EABF4C0DBA}"
EndProject
Project("{FAE04EC0-301F-11D3-BF4B-00C04F79EFBC}") = "interfaces", "..\interfaces\interfaces.csproj", "{51F1EFCF-BFB6-4604-8E36-0456CBC70C3D}"
EndProject
Global
	GlobalSection(SolutionConfigurationPlatforms) = preSolution
		Debug|Any CPU = Debug|Any CPU
		Release|Any CPU = Release|Any CPU
	EndGlobalSection
	GlobalSection(ProjectConfigurationPlatforms) = postSolution
		{1AA0D97F-D615-4519-AB2C-8FB5A47A071D}.Debug|Any CPU.ActiveCfg = Debug|Any CPU
		{1AA0D97F-D615-4519-AB2C-8FB5A47A071D}.Debug|Any CPU.Build.0 = Debug|Any CPU
		{1AA0D97F-D615-4519-AB2C-8FB5A47A071D}.Release|Any CPU.ActiveCfg = Release|Any CPU
		{1AA0D97F-D615-4519-AB2C-8FB5A47A071D}.Release|Any CPU.Build.0 = Release|Any CPU
		{1A353BDC-7A05-4C23-B7EA-0DF40569850C}.Debug|Any CPU.ActiveCfg = Debug|Any CPU
		{1A353BDC-7A05-4C23-B7EA-0DF40569850C}.Debug|Any CPU.Build.0 = Debug|Any CPU
		{1A353BDC-7A05-4C23-B7EA-0DF40569850C}.Release|Any CPU.ActiveCfg = Release|Any CPU
		{1A353BDC-7A05-4C23-B7EA-0DF40569850C}.Release|Any CPU.Build.0 = Release|Any CPU
		{7DC4EBC7-578F-43D0-BF22-95EABF4C0DBA}.Debug|Any CPU.ActiveCfg = Debug|Any CPU
		{7DC4EBC7-578F-43D0-BF22-95EABF4C0DBA}.Debug|Any CPU.Build.0 = Debug|Any CPU
		{7DC4EBC7-578F-43D0-BF22-95EABF4C0DBA}.Release|Any CPU.ActiveCfg = Release|Any CPU
		{7DC4EBC7-578F-43D0-BF22-95EABF4C0DBA}.Release|Any CPU.Build.0 = Release|Any CPU
		{51F1EFCF-BFB6-4604-8E36-0456CBC70C3D}.Debug|Any CPU.ActiveCfg = Debug|Any CPU
		{51F1EFCF-BFB6-4604-8E36-0456CBC70C3D}.Debug|Any CPU.Build.0 = Debug|Any CPU
		{51F1EFCF-BFB6-4604-8E36-0456CBC70C3D}.Release|Any CPU.ActiveCfg = Release|Any CPU
		{51F1EFCF-BFB6-4604-8E36-0456CBC70C3D}.Release|Any CPU.Build.0 = Release|Any CPU
	EndGlobalSection
	GlobalSection(SolutionProperties) = preSolution
		HideSolutionNode = FALSE
	EndGlobalSection
	GlobalSection(ExtensibilityGlobals) = postSolution
		SolutionGuid = {4CE7BB10-D48C-40C6-AEDC-E1230DDE6C4B}
	EndGlobalSection
EndGlobal
